// !$*UTF8*$!
{
	archiveVersion = 1;
	classes = {
	};
	objectVersion = 42;
	objects = {

/* Begin PBXBuildFile section */
		4A3DC625191265F800FC4317 /* FAFStringScanner.m in Sources */ = {isa = PBXBuildFile; fileRef = 4A3DC623191265F800FC4317 /* FAFStringScanner.m */; };
		4A3DC626191265F800FC4317 /* FAFStringScanner.h in CopyFiles */ = {isa = PBXBuildFile; fileRef = 4A3DC624191265F800FC4317 /* FAFStringScanner.h */; };
		4A3DC6EE191269E000FC4317 /* FAFStringScannerTester.m in Sources */ = {isa = PBXBuildFile; fileRef = 08FB7796FE84155DC02AAC07 /* FAFStringScannerTester.m */; };
		4A9ACDC61912EFFA000568C6 /* FAFStringScannerMainTests.m in Sources */ = {isa = PBXBuildFile; fileRef = 4A3DC6371912666300FC4317 /* FAFStringScannerMainTests.m */; };
		4A9ACDED19130984000568C6 /* FAFStringScanner.m in Sources */ = {isa = PBXBuildFile; fileRef = 4A3DC623191265F800FC4317 /* FAFStringScanner.m */; };
		4AADFE91191C5FB200115B77 /* FAFCodeScanner.m in Sources */ = {isa = PBXBuildFile; fileRef = 4AADFE8F191C5FB200115B77 /* FAFCodeScanner.m */; };
		4AADFE92191C5FB200115B77 /* FAFCodeScanner.h in CopyFiles */ = {isa = PBXBuildFile; fileRef = 4AADFE90191C5FB200115B77 /* FAFCodeScanner.h */; };
		4AADFE97191C612800115B77 /* FAFStringScannerTokenTests.m in Sources */ = {isa = PBXBuildFile; fileRef = 4AADFE95191C612800115B77 /* FAFStringScannerTokenTests.m */; };
		4AADFED7191C6C5800115B77 /* FAFCodeScanner.m in Sources */ = {isa = PBXBuildFile; fileRef = 4AADFE8F191C5FB200115B77 /* FAFCodeScanner.m */; };
		8DD76F9C0486AA7600D96B5E /* Foundation.framework in Frameworks */ = {isa = PBXBuildFile; fileRef = 08FB779EFE84155DC02AAC07 /* Foundation.framework */; };
		8DD76F9F0486AA7600D96B5E /* FAFStringScannerTester.1 in CopyFiles */ = {isa = PBXBuildFile; fileRef = C6859EA3029092ED04C91782 /* FAFStringScannerTester.1 */; };
/* End PBXBuildFile section */

/* Begin PBXContainerItemProxy section */
		4A9ACDC41912EFF2000568C6 /* PBXContainerItemProxy */ = {
			isa = PBXContainerItemProxy;
			containerPortal = 08FB7793FE84155DC02AAC07 /* Project object */;
			proxyType = 1;
			remoteGlobalIDString = 8DD76F960486AA7600D96B5E;
			remoteInfo = FAFStringScannerTester;
		};
/* End PBXContainerItemProxy section */

/* Begin PBXCopyFilesBuildPhase section */
		8DD76F9E0486AA7600D96B5E /* CopyFiles */ = {
			isa = PBXCopyFilesBuildPhase;
			buildActionMask = 8;
			dstPath = /usr/share/man/man1/;
			dstSubfolderSpec = 0;
			files = (
				8DD76F9F0486AA7600D96B5E /* FAFStringScannerTester.1 in CopyFiles */,
				4A3DC626191265F800FC4317 /* FAFStringScanner.h in CopyFiles */,
				4AADFE92191C5FB200115B77 /* FAFCodeScanner.h in CopyFiles */,
			);
			runOnlyForDeploymentPostprocessing = 1;
		};
/* End PBXCopyFilesBuildPhase section */

/* Begin PBXFileReference section */
		08FB7796FE84155DC02AAC07 /* FAFStringScannerTester.m */ = {isa = PBXFileReference; fileEncoding = 4; lastKnownFileType = sourcecode.c.objc; path = FAFStringScannerTester.m; sourceTree = "<group>"; };
		08FB779EFE84155DC02AAC07 /* Foundation.framework */ = {isa = PBXFileReference; lastKnownFileType = wrapper.framework; name = Foundation.framework; path = /System/Library/Frameworks/Foundation.framework; sourceTree = "<absolute>"; };
		32A70AAB03705E1F00C91783 /* FAFStringScannerTester_Prefix.pch */ = {isa = PBXFileReference; fileEncoding = 4; lastKnownFileType = sourcecode.c.h; path = FAFStringScannerTester_Prefix.pch; sourceTree = "<group>"; };
		4A3DC623191265F800FC4317 /* FAFStringScanner.m */ = {isa = PBXFileReference; fileEncoding = 30; lastKnownFileType = sourcecode.c.objc; path = FAFStringScanner.m; sourceTree = "<group>"; };
		4A3DC624191265F800FC4317 /* FAFStringScanner.h */ = {isa = PBXFileReference; fileEncoding = 30; lastKnownFileType = sourcecode.c.h; path = FAFStringScanner.h; sourceTree = "<group>"; };
		4A3DC62E1912661100FC4317 /* FAFStringScannerTestUnit-Info.plist */ = {isa = PBXFileReference; lastKnownFileType = text.plist.xml; path = "FAFStringScannerTestUnit-Info.plist"; sourceTree = "<group>"; };
		4A3DC6361912666300FC4317 /* FAFStringScannerMainTests.h */ = {isa = PBXFileReference; fileEncoding = 4; lastKnownFileType = sourcecode.c.h; path = FAFStringScannerMainTests.h; sourceTree = "<group>"; };
		4A3DC6371912666300FC4317 /* FAFStringScannerMainTests.m */ = {isa = PBXFileReference; fileEncoding = 4; lastKnownFileType = sourcecode.c.objc; path = FAFStringScannerMainTests.m; sourceTree = "<group>"; };
		4A3DC63E191266D000FC4317 /* SenTestingKit.framework */ = {isa = PBXFileReference; lastKnownFileType = wrapper.framework; name = SenTestingKit.framework; path = /System/Library/Frameworks/SenTestingKit.framework; sourceTree = "<absolute>"; };
		4A9ACDC31912EFEE000568C6 /* FAFStringScannerTestUnit.octest */ = {isa = PBXFileReference; explicitFileType = wrapper.cfbundle; includeInIndex = 0; path = FAFStringScannerTestUnit.octest; sourceTree = BUILT_PRODUCTS_DIR; };
		4AADFE8F191C5FB200115B77 /* FAFCodeScanner.m */ = {isa = PBXFileReference; fileEncoding = 30; lastKnownFileType = sourcecode.c.objc; path = FAFCodeScanner.m; sourceTree = "<group>"; };
		4AADFE90191C5FB200115B77 /* FAFCodeScanner.h */ = {isa = PBXFileReference; fileEncoding = 30; lastKnownFileType = sourcecode.c.h; path = FAFCodeScanner.h; sourceTree = "<group>"; };
		4AADFE95191C612800115B77 /* FAFStringScannerTokenTests.m */ = {isa = PBXFileReference; fileEncoding = 30; lastKnownFileType = sourcecode.c.objc; path = FAFStringScannerTokenTests.m; sourceTree = "<group>"; };
		4AADFE96191C612800115B77 /* FAFStringScannerTokenTests.h */ = {isa = PBXFileReference; fileEncoding = 30; lastKnownFileType = sourcecode.c.h; path = FAFStringScannerTokenTests.h; sourceTree = "<group>"; };
		8DD76FA10486AA7600D96B5E /* FAFStringScannerTester */ = {isa = PBXFileReference; explicitFileType = "compiled.mach-o.executable"; includeInIndex = 0; path = FAFStringScannerTester; sourceTree = BUILT_PRODUCTS_DIR; };
		C6859EA3029092ED04C91782 /* FAFStringScannerTester.1 */ = {isa = PBXFileReference; lastKnownFileType = text.man; path = FAFStringScannerTester.1; sourceTree = "<group>"; };
/* End PBXFileReference section */

/* Begin PBXFrameworksBuildPhase section */
		4A9ACDC01912EFEE000568C6 /* Frameworks */ = {
			isa = PBXFrameworksBuildPhase;
			buildActionMask = 2147483647;
			files = (
			);
			runOnlyForDeploymentPostprocessing = 0;
		};
		8DD76F9B0486AA7600D96B5E /* Frameworks */ = {
			isa = PBXFrameworksBuildPhase;
			buildActionMask = 2147483647;
			files = (
				8DD76F9C0486AA7600D96B5E /* Foundation.framework in Frameworks */,
			);
			runOnlyForDeploymentPostprocessing = 0;
		};
/* End PBXFrameworksBuildPhase section */

/* Begin PBXGroup section */
		08FB7794FE84155DC02AAC07 /* FAFStringScannerTester */ = {
			isa = PBXGroup;
			children = (
				4A3DC63E191266D000FC4317 /* SenTestingKit.framework */,
				4A3DC6351912663C00FC4317 /* Tests */,
				08FB7795FE84155DC02AAC07 /* Source */,
				C6859EA2029092E104C91782 /* Documentation */,
				08FB779DFE84155DC02AAC07 /* External Frameworks and Libraries */,
				1AB674ADFE9D54B511CA2CBB /* Products */,
				4A3DC62E1912661100FC4317 /* FAFStringScannerTestUnit-Info.plist */,
			);
			name = FAFStringScannerTester;
			sourceTree = "<group>";
		};
		08FB7795FE84155DC02AAC07 /* Source */ = {
			isa = PBXGroup;
			children = (
				4A3DC624191265F800FC4317 /* FAFStringScanner.h */,
				4A3DC623191265F800FC4317 /* FAFStringScanner.m */,
				4AADFE90191C5FB200115B77 /* FAFCodeScanner.h */,
				4AADFE8F191C5FB200115B77 /* FAFCodeScanner.m */,
				32A70AAB03705E1F00C91783 /* FAFStringScannerTester_Prefix.pch */,
				08FB7796FE84155DC02AAC07 /* FAFStringScannerTester.m */,
			);
			name = Source;
			sourceTree = "<group>";
		};
		08FB779DFE84155DC02AAC07 /* External Frameworks and Libraries */ = {
			isa = PBXGroup;
			children = (
				08FB779EFE84155DC02AAC07 /* Foundation.framework */,
			);
			name = "External Frameworks and Libraries";
			sourceTree = "<group>";
		};
		1AB674ADFE9D54B511CA2CBB /* Products */ = {
			isa = PBXGroup;
			children = (
				8DD76FA10486AA7600D96B5E /* FAFStringScannerTester */,
				4A9ACDC31912EFEE000568C6 /* FAFStringScannerTestUnit.octest */,
			);
			name = Products;
			sourceTree = "<group>";
		};
		4A3DC6351912663C00FC4317 /* Tests */ = {
			isa = PBXGroup;
			children = (
				4AADFE96191C612800115B77 /* FAFStringScannerTokenTests.h */,
				4AADFE95191C612800115B77 /* FAFStringScannerTokenTests.m */,
				4A3DC6361912666300FC4317 /* FAFStringScannerMainTests.h */,
				4A3DC6371912666300FC4317 /* FAFStringScannerMainTests.m */,
			);
			name = Tests;
			sourceTree = "<group>";
		};
		C6859EA2029092E104C91782 /* Documentation */ = {
			isa = PBXGroup;
			children = (
				C6859EA3029092ED04C91782 /* FAFStringScannerTester.1 */,
			);
			name = Documentation;
			sourceTree = "<group>";
		};
/* End PBXGroup section */

/* Begin PBXNativeTarget section */
		4A9ACDC21912EFEE000568C6 /* FAFStringScannerTestUnit */ = {
			isa = PBXNativeTarget;
			buildConfigurationList = 4A9ACDC81912F01E000568C6 /* Build configuration list for PBXNativeTarget "FAFStringScannerTestUnit" */;
			buildPhases = (
				4A9ACDBE1912EFEE000568C6 /* Resources */,
				4A9ACDBF1912EFEE000568C6 /* Sources */,
				4A9ACDC01912EFEE000568C6 /* Frameworks */,
				4A9ACDC11912EFEE000568C6 /* ShellScript */,
			);
			buildRules = (
			);
			dependencies = (
				4A9ACDC51912EFF2000568C6 /* PBXTargetDependency */,
			);
			name = FAFStringScannerTestUnit;
			productName = FAFStringScannerTestUnit;
			productReference = 4A9ACDC31912EFEE000568C6 /* FAFStringScannerTestUnit.octest */;
			productType = "com.apple.product-type.bundle";
		};
		8DD76F960486AA7600D96B5E /* FAFStringScannerTester */ = {
			isa = PBXNativeTarget;
			buildConfigurationList = 1DEB927408733DD40010E9CD /* Build configuration list for PBXNativeTarget "FAFStringScannerTester" */;
			buildPhases = (
				8DD76F990486AA7600D96B5E /* Sources */,
				8DD76F9B0486AA7600D96B5E /* Frameworks */,
				8DD76F9E0486AA7600D96B5E /* CopyFiles */,
			);
			buildRules = (
			);
			dependencies = (
			);
			name = FAFStringScannerTester;
			productInstallPath = "$(HOME)/bin";
			productName = FAFStringScannerTester;
			productReference = 8DD76FA10486AA7600D96B5E /* FAFStringScannerTester */;
			productType = "com.apple.product-type.tool";
		};
/* End PBXNativeTarget section */

/* Begin PBXProject section */
		08FB7793FE84155DC02AAC07 /* Project object */ = {
			isa = PBXProject;
			buildConfigurationList = 1DEB927808733DD40010E9CD /* Build configuration list for PBXProject "FAFStringScannerTester" */;
			compatibilityVersion = "Xcode 2.4";
			hasScannedForEncodings = 1;
			mainGroup = 08FB7794FE84155DC02AAC07 /* FAFStringScannerTester */;
			projectDirPath = "";
			projectRoot = "";
			targets = (
				8DD76F960486AA7600D96B5E /* FAFStringScannerTester */,
				4A9ACDC21912EFEE000568C6 /* FAFStringScannerTestUnit */,
			);
		};
/* End PBXProject section */

/* Begin PBXResourcesBuildPhase section */
		4A9ACDBE1912EFEE000568C6 /* Resources */ = {
			isa = PBXResourcesBuildPhase;
			buildActionMask = 2147483647;
			files = (
			);
			runOnlyForDeploymentPostprocessing = 0;
		};
/* End PBXResourcesBuildPhase section */

/* Begin PBXShellScriptBuildPhase section */
		4A9ACDC11912EFEE000568C6 /* ShellScript */ = {
			isa = PBXShellScriptBuildPhase;
			buildActionMask = 2147483647;
			files = (
			);
			inputPaths = (
			);
			outputPaths = (
			);
			runOnlyForDeploymentPostprocessing = 0;
			shellPath = /bin/sh;
			shellScript = "# Run the unit tests in this test bundle.\n\"${SYSTEM_DEVELOPER_DIR}/Tools/RunUnitTests\"\n";
		};
/* End PBXShellScriptBuildPhase section */

/* Begin PBXSourcesBuildPhase section */
		4A9ACDBF1912EFEE000568C6 /* Sources */ = {
			isa = PBXSourcesBuildPhase;
			buildActionMask = 2147483647;
			files = (
				4AADFED7191C6C5800115B77 /* FAFCodeScanner.m in Sources */,
				4A9ACDC61912EFFA000568C6 /* FAFStringScannerMainTests.m in Sources */,
				4A9ACDED19130984000568C6 /* FAFStringScanner.m in Sources */,
				4AADFE97191C612800115B77 /* FAFStringScannerTokenTests.m in Sources */,
			);
			runOnlyForDeploymentPostprocessing = 0;
		};
		8DD76F990486AA7600D96B5E /* Sources */ = {
			isa = PBXSourcesBuildPhase;
			buildActionMask = 2147483647;
			files = (
				4A3DC6EE191269E000FC4317 /* FAFStringScannerTester.m in Sources */,
				4A3DC625191265F800FC4317 /* FAFStringScanner.m in Sources */,
				4AADFE91191C5FB200115B77 /* FAFCodeScanner.m in Sources */,
			);
			runOnlyForDeploymentPostprocessing = 0;
		};
/* End PBXSourcesBuildPhase section */

/* Begin PBXTargetDependency section */
		4A9ACDC51912EFF2000568C6 /* PBXTargetDependency */ = {
			isa = PBXTargetDependency;
			target = 8DD76F960486AA7600D96B5E /* FAFStringScannerTester */;
			targetProxy = 4A9ACDC41912EFF2000568C6 /* PBXContainerItemProxy */;
		};
/* End PBXTargetDependency section */

/* Begin XCBuildConfiguration section */
		1DEB927508733DD40010E9CD /* Debug */ = {
			isa = XCBuildConfiguration;
			buildSettings = {
				COPY_PHASE_STRIP = NO;
				GCC_DYNAMIC_NO_PIC = NO;
				GCC_ENABLE_FIX_AND_CONTINUE = YES;
				GCC_OPTIMIZATION_LEVEL = 0;
				GCC_PRECOMPILE_PREFIX_HEADER = YES;
				GCC_PREFIX_HEADER = FAFStringScannerTester_Prefix.pch;
				INSTALL_PATH = "$(HOME)/bin";
				PRODUCT_NAME = FAFStringScannerTester;
			};
			name = Debug;
		};
		1DEB927608733DD40010E9CD /* Release */ = {
			isa = XCBuildConfiguration;
			buildSettings = {
				GCC_GENERATE_DEBUGGING_SYMBOLS = NO;
				GCC_PRECOMPILE_PREFIX_HEADER = YES;
				GCC_PREFIX_HEADER = FAFStringScannerTester_Prefix.pch;
				INSTALL_PATH = "$(HOME)/bin";
				PRODUCT_NAME = FAFStringScannerTester;
			};
			name = Release;
		};
		1DEB927908733DD40010E9CD /* Debug */ = {
			isa = XCBuildConfiguration;
			buildSettings = {
				GCC_C_LANGUAGE_STANDARD = gnu99;
				GCC_ENABLE_OBJC_EXCEPTIONS = YES;
				GCC_WARN_ABOUT_RETURN_TYPE = YES;
				GCC_WARN_UNUSED_VARIABLE = YES;
				PREBINDING = NO;
				SDKROOT = /Developer/SDKs/MacOSX10.4u.sdk;
			};
			name = Debug;
		};
		1DEB927A08733DD40010E9CD /* Release */ = {
			isa = XCBuildConfiguration;
			buildSettings = {
				GCC_C_LANGUAGE_STANDARD = gnu99;
				GCC_ENABLE_OBJC_EXCEPTIONS = YES;
				GCC_WARN_ABOUT_RETURN_TYPE = YES;
				GCC_WARN_UNUSED_VARIABLE = YES;
				PREBINDING = NO;
				SDKROOT = /Developer/SDKs/MacOSX10.4u.sdk;
			};
			name = Release;
		};
		4A9ACDC91912F01E000568C6 /* Debug */ = {
			isa = XCBuildConfiguration;
			buildSettings = {
				COPY_PHASE_STRIP = NO;
				FRAMEWORK_SEARCH_PATHS = (
					"$(value)",
					"$(DEVELOPER_FRAMEWORKS_DIR_QUOTED)",
				);
				GCC_DYNAMIC_NO_PIC = NO;
				GCC_ENABLE_FIX_AND_CONTINUE = NO;
				GCC_ENABLE_OBJC_EXCEPTIONS = YES;
				GCC_GENERATE_DEBUGGING_SYMBOLS = YES;
				GCC_MODEL_TUNING = G5;
				GCC_OPTIMIZATION_LEVEL = 0;
				GCC_PRECOMPILE_PREFIX_HEADER = YES;
				GCC_PREFIX_HEADER = "$(SYSTEM_LIBRARY_DIR)/Frameworks/Cocoa.framework/Headers/Cocoa.h";
				INFOPLIST_FILE = "FAFStringScannerTestUnit-Info.plist";
				INSTALL_PATH = "$(USER_LIBRARY_DIR)/Bundles";
				OTHER_LDFLAGS = (
					"-framework",
					Cocoa,
					"-framework",
					SenTestingKit,
				);
				PREBINDING = NO;
				PRODUCT_NAME = FAFStringScannerTestUnit;
				WRAPPER_EXTENSION = octest;
				ZERO_LINK = NO;
			};
			name = Debug;
		};
		4A9ACDCA1912F01E000568C6 /* Release */ = {
			isa = XCBuildConfiguration;
			buildSettings = {
				COPY_PHASE_STRIP = YES;
				FRAMEWORK_SEARCH_PATHS = (
					"$(value)",
					"$(DEVELOPER_FRAMEWORKS_DIR_QUOTED)",
				);
				GCC_ENABLE_FIX_AND_CONTINUE = NO;
				GCC_ENABLE_OBJC_EXCEPTIONS = YES;
				GCC_GENERATE_DEBUGGING_SYMBOLS = NO;
				GCC_MODEL_TUNING = G5;
				GCC_PRECOMPILE_PREFIX_HEADER = YES;
				GCC_PREFIX_HEADER = "$(SYSTEM_LIBRARY_DIR)/Frameworks/Cocoa.framework/Headers/Cocoa.h";
				INFOPLIST_FILE = "FAFStringScannerTestUnit-Info.plist";
				INSTALL_PATH = "$(USER_LIBRARY_DIR)/Bundles";
				OTHER_LDFLAGS = (
					"-framework",
					Cocoa,
					"-framework",
					SenTestingKit,
				);
				PREBINDING = NO;
				PRODUCT_NAME = FAFStringScannerTestUnit;
				WRAPPER_EXTENSION = octest;
				ZERO_LINK = NO;
			};
			name = Release;
		};
/* End XCBuildConfiguration section */

/* Begin XCConfigurationList section */
		1DEB927408733DD40010E9CD /* Build configuration list for PBXNativeTarget "FAFStringScannerTester" */ = {
			isa = XCConfigurationList;
			buildConfigurations = (
				1DEB927508733DD40010E9CD /* Debug */,
				1DEB927608733DD40010E9CD /* Release */,
			);
			defaultConfigurationIsVisible = 0;
			defaultConfigurationName = Release;
		};
		1DEB927808733DD40010E9CD /* Build configuration list for PBXProject "FAFStringScannerTester" */ = {
			isa = XCConfigurationList;
			buildConfigurations = (
				1DEB927908733DD40010E9CD /* Debug */,
				1DEB927A08733DD40010E9CD /* Release */,
			);
			defaultConfigurationIsVisible = 0;
			defaultConfigurationName = Release;
		};
		4A9ACDC81912F01E000568C6 /* Build configuration list for PBXNativeTarget "FAFStringScannerTestUnit" */ = {
			isa = XCConfigurationList;
			buildConfigurations = (
				4A9ACDC91912F01E000568C6 /* Debug */,
				4A9ACDCA1912F01E000568C6 /* Release */,
			);
			defaultConfigurationIsVisible = 0;
			defaultConfigurationName = Release;
		};
/* End XCConfigurationList section */
	};
	rootObject = 08FB7793FE84155DC02AAC07 /* Project object */;
}
